
Microsoft Visual Studio Solution File, Format Version 12.00
# Visual Studio 2012
Project("{FAE04EC0-301F-11D3-BF4B-00C04F79EFBC}") = "world-sharp", "world-sharp\world-sharp.csproj", "{3D603155-1E4D-4F17-8281-7A88AC3E43A5}"
EndProject
Project("{FAE04EC0-301F-11D3-BF4B-00C04F79EFBC}") = "world-sharp-sample", "world-sharp-sample\world-sharp-sample.csproj", "{2710C201-7C0B-48D4-860F-EAEAE95A116B}"
EndProject
Global
	GlobalSection(SolutionConfigurationPlatforms) = preSolution
		Debug|x86 = Debug|x86
		Release|x86 = Release|x86
	EndGlobalSection
	GlobalSection(ProjectConfigurationPlatforms) = postSolution
		{3D603155-1E4D-4F17-8281-7A88AC3E43A5}.Debug|x86.ActiveCfg = Debug|Any CPU
		{3D603155-1E4D-4F17-8281-7A88AC3E43A5}.Debug|x86.Build.0 = Debug|Any CPU
		{3D603155-1E4D-4F17-8281-7A88AC3E43A5}.Release|x86.ActiveCfg = Release|Any CPU
		{3D603155-1E4D-4F17-8281-7A88AC3E43A5}.Release|x86.Build.0 = Release|Any CPU
		{2710C201-7C0B-48D4-860F-EAEAE95A116B}.Debug|x86.ActiveCfg = Debug|x86
		{2710C201-7C0B-48D4-860F-EAEAE95A116B}.Debug|x86.Build.0 = Debug|x86
		{2710C201-7C0B-48D4-860F-EAEAE95A116B}.Release|x86.ActiveCfg = Release|x86
		{2710C201-7C0B-48D4-860F-EAEAE95A116B}.Release|x86.Build.0 = Release|x86
	EndGlobalSection
EndGlobal
